
Microsoft Visual Studio Solution File, Format Version 11.00
# Visual Studio 2010
Project("{FAE04EC0-301F-11D3-BF4B-00C04F79EFBC}") = "Touch", "Touch\Touch.csproj", "{48DDED47-4B48-4283-9AD8-7DA932E54B43}"
EndProject
Global
	GlobalSection(SolutionConfigurationPlatforms) = preSolution
		Debug|iPhoneSimulator = Debug|iPhoneSimulator
		Release|iPhoneSimulator = Release|iPhoneSimulator
		Debug|iPhone = Debug|iPhone
		Release|iPhone = Release|iPhone
	EndGlobalSection
	GlobalSection(ProjectConfigurationPlatforms) = postSolution
		{48DDED47-4B48-4283-9AD8-7DA932E54B43}.Debug|iPhone.ActiveCfg = Debug|iPhone
		{48DDED47-4B48-4283-9AD8-7DA932E54B43}.Debug|iPhone.Build.0 = Debug|iPhone
		{48DDED47-4B48-4283-9AD8-7DA932E54B43}.Debug|iPhoneSimulator.ActiveCfg = Debug|iPhoneSimulator
		{48DDED47-4B48-4283-9AD8-7DA932E54B43}.Debug|iPhoneSimulator.Build.0 = Debug|iPhoneSimulator
		{48DDED47-4B48-4283-9AD8-7DA932E54B43}.Release|iPhone.ActiveCfg = Release|iPhone
		{48DDED47-4B48-4283-9AD8-7DA932E54B43}.Release|iPhone.Build.0 = Release|iPhone
		{48DDED47-4B48-4283-9AD8-7DA932E54B43}.Release|iPhoneSimulator.ActiveCfg = Release|iPhoneSimulator
		{48DDED47-4B48-4283-9AD8-7DA932E54B43}.Release|iPhoneSimulator.Build.0 = Release|iPhoneSimulator
	EndGlobalSection
	GlobalSection(MonoDevelopProperties) = preSolution
		StartupItem = Touch\Touch.csproj
	EndGlobalSection
EndGlobal
